// !$*UTF8*$!
{
	archiveVersion = 1;
	classes = {
	};
	objectVersion = 46;
	objects = {

/* Begin PBXBuildFile section */
		2EE364F01BA35D520029E62D /* AppDelegate.swift in Sources */ = {isa = PBXBuildFile; fileRef = 2EE364EF1BA35D520029E62D /* AppDelegate.swift */; };
		2EE364F21BA35D520029E62D /* ViewController.swift in Sources */ = {isa = PBXBuildFile; fileRef = 2EE364F11BA35D520029E62D /* ViewController.swift */; };
		2EE364F51BA35D520029E62D /* Main.storyboard in Resources */ = {isa = PBXBuildFile; fileRef = 2EE364F31BA35D520029E62D /* Main.storyboard */; };
		2EE364F71BA35D520029E62D /* Images.xcassets in Resources */ = {isa = PBXBuildFile; fileRef = 2EE364F61BA35D520029E62D /* Images.xcassets */; };
		2EE364FA1BA35D520029E62D /* LaunchScreen.xib in Resources */ = {isa = PBXBuildFile; fileRef = 2EE364F81BA35D520029E62D /* LaunchScreen.xib */; };
		2EE365061BA35D520029E62D /* CalculatorTests.swift in Sources */ = {isa = PBXBuildFile; fileRef = 2EE365051BA35D520029E62D /* CalculatorTests.swift */; };
		2EE365101BA363380029E62D /* CalculationProtocol.swift in Sources */ = {isa = PBXBuildFile; fileRef = 2EE3650F1BA363380029E62D /* CalculationProtocol.swift */; };
		2EE365121BA364890029E62D /* DefaultCalculation.swift in Sources */ = {isa = PBXBuildFile; fileRef = 2EE365111BA364890029E62D /* DefaultCalculation.swift */; };
/* End PBXBuildFile section */

/* Begin PBXContainerItemProxy section */
		2EE365001BA35D520029E62D /* PBXContainerItemProxy */ = {
			isa = PBXContainerItemProxy;
			containerPortal = 2EE364E21BA35D520029E62D /* Project object */;
			proxyType = 1;
			remoteGlobalIDString = 2EE364E91BA35D520029E62D;
			remoteInfo = Calculator;
		};
/* End PBXContainerItemProxy section */

/* Begin PBXFileReference section */
		2EE364EA1BA35D520029E62D /* Calculator.app */ = {isa = PBXFileReference; explicitFileType = wrapper.application; includeInIndex = 0; path = Calculator.app; sourceTree = BUILT_PRODUCTS_DIR; };
		2EE364EE1BA35D520029E62D /* Info.plist */ = {isa = PBXFileReference; lastKnownFileType = text.plist.xml; path = Info.plist; sourceTree = "<group>"; };
		2EE364EF1BA35D520029E62D /* AppDelegate.swift */ = {isa = PBXFileReference; lastKnownFileType = sourcecode.swift; path = AppDelegate.swift; sourceTree = "<group>"; };
		2EE364F11BA35D520029E62D /* ViewController.swift */ = {isa = PBXFileReference; lastKnownFileType = sourcecode.swift; path = ViewController.swift; sourceTree = "<group>"; };
		2EE364F41BA35D520029E62D /* Base */ = {isa = PBXFileReference; lastKnownFileType = file.storyboard; name = Base; path = Base.lproj/Main.storyboard; sourceTree = "<group>"; };
		2EE364F61BA35D520029E62D /* Images.xcassets */ = {isa = PBXFileReference; lastKnownFileType = folder.assetcatalog; path = Images.xcassets; sourceTree = "<group>"; };
		2EE364F91BA35D520029E62D /* Base */ = {isa = PBXFileReference; lastKnownFileType = file.xib; name = Base; path = Base.lproj/LaunchScreen.xib; sourceTree = "<group>"; };
		2EE364FF1BA35D520029E62D /* CalculatorTests.xctest */ = {isa = PBXFileReference; explicitFileType = wrapper.cfbundle; includeInIndex = 0; path = CalculatorTests.xctest; sourceTree = BUILT_PRODUCTS_DIR; };
		2EE365041BA35D520029E62D /* Info.plist */ = {isa = PBXFileReference; lastKnownFileType = text.plist.xml; path = Info.plist; sourceTree = "<group>"; };
		2EE365051BA35D520029E62D /* CalculatorTests.swift */ = {isa = PBXFileReference; lastKnownFileType = sourcecode.swift; path = CalculatorTests.swift; sourceTree = "<group>"; };
		2EE3650F1BA363380029E62D /* CalculationProtocol.swift */ = {isa = PBXFileReference; fileEncoding = 4; lastKnownFileType = sourcecode.swift; path = CalculationProtocol.swift; sourceTree = "<group>"; };
		2EE365111BA364890029E62D /* DefaultCalculation.swift */ = {isa = PBXFileReference; fileEncoding = 4; lastKnownFileType = sourcecode.swift; path = DefaultCalculation.swift; sourceTree = "<group>"; };
/* End PBXFileReference section */

/* Begin PBXFrameworksBuildPhase section */
		2EE364E71BA35D520029E62D /* Frameworks */ = {
			isa = PBXFrameworksBuildPhase;
			buildActionMask = 2147483647;
			files = (
			);
			runOnlyForDeploymentPostprocessing = 0;
		};
		2EE364FC1BA35D520029E62D /* Frameworks */ = {
			isa = PBXFrameworksBuildPhase;
			buildActionMask = 2147483647;
			files = (
			);
			runOnlyForDeploymentPostprocessing = 0;
		};
/* End PBXFrameworksBuildPhase section */

/* Begin PBXGroup section */
		2EE364E11BA35D520029E62D = {
			isa = PBXGroup;
			children = (
				2EE364EC1BA35D520029E62D /* Calculator */,
				2EE365021BA35D520029E62D /* CalculatorTests */,
				2EE364EB1BA35D520029E62D /* Products */,
			);
			sourceTree = "<group>";
		};
		2EE364EB1BA35D520029E62D /* Products */ = {
			isa = PBXGroup;
			children = (
				2EE364EA1BA35D520029E62D /* Calculator.app */,
				2EE364FF1BA35D520029E62D /* CalculatorTests.xctest */,
			);
			name = Products;
			sourceTree = "<group>";
		};
		2EE364EC1BA35D520029E62D /* Calculator */ = {
			isa = PBXGroup;
			children = (
				2EE364EF1BA35D520029E62D /* AppDelegate.swift */,
				2EE364F11BA35D520029E62D /* ViewController.swift */,
				2EE364F31BA35D520029E62D /* Main.storyboard */,
				2EE364F61BA35D520029E62D /* Images.xcassets */,
				2EE364F81BA35D520029E62D /* LaunchScreen.xib */,
				2EE364ED1BA35D520029E62D /* Supporting Files */,
				2EE3650F1BA363380029E62D /* CalculationProtocol.swift */,
				2EE365111BA364890029E62D /* DefaultCalculation.swift */,
			);
			path = Calculator;
			sourceTree = "<group>";
		};
		2EE364ED1BA35D520029E62D /* Supporting Files */ = {
			isa = PBXGroup;
			children = (
				2EE364EE1BA35D520029E62D /* Info.plist */,
			);
			name = "Supporting Files";
			sourceTree = "<group>";
		};
		2EE365021BA35D520029E62D /* CalculatorTests */ = {
			isa = PBXGroup;
			children = (
				2EE365051BA35D520029E62D /* CalculatorTests.swift */,
				2EE365031BA35D520029E62D /* Supporting Files */,
			);
			path = CalculatorTests;
			sourceTree = "<group>";
		};
		2EE365031BA35D520029E62D /* Supporting Files */ = {
			isa = PBXGroup;
			children = (
				2EE365041BA35D520029E62D /* Info.plist */,
			);
			name = "Supporting Files";
			sourceTree = "<group>";
		};
/* End PBXGroup section */

/* Begin PBXNativeTarget section */
		2EE364E91BA35D520029E62D /* Calculator */ = {
			isa = PBXNativeTarget;
			buildConfigurationList = 2EE365091BA35D520029E62D /* Build configuration list for PBXNativeTarget "Calculator" */;
			buildPhases = (
				2EE364E61BA35D520029E62D /* Sources */,
				2EE364E71BA35D520029E62D /* Frameworks */,
				2EE364E81BA35D520029E62D /* Resources */,
			);
			buildRules = (
			);
			dependencies = (
			);
			name = Calculator;
			productName = Calculator;
			productReference = 2EE364EA1BA35D520029E62D /* Calculator.app */;
			productType = "com.apple.product-type.application";
		};
		2EE364FE1BA35D520029E62D /* CalculatorTests */ = {
			isa = PBXNativeTarget;
			buildConfigurationList = 2EE3650C1BA35D520029E62D /* Build configuration list for PBXNativeTarget "CalculatorTests" */;
			buildPhases = (
				2EE364FB1BA35D520029E62D /* Sources */,
				2EE364FC1BA35D520029E62D /* Frameworks */,
				2EE364FD1BA35D520029E62D /* Resources */,
			);
			buildRules = (
			);
			dependencies = (
				2EE365011BA35D520029E62D /* PBXTargetDependency */,
			);
			name = CalculatorTests;
			productName = CalculatorTests;
			productReference = 2EE364FF1BA35D520029E62D /* CalculatorTests.xctest */;
			productType = "com.apple.product-type.bundle.unit-test";
		};
/* End PBXNativeTarget section */

/* Begin PBXProject section */
		2EE364E21BA35D520029E62D /* Project object */ = {
			isa = PBXProject;
			attributes = {
				LastUpgradeCheck = 0640;
				ORGANIZATIONNAME = Cal;
				TargetAttributes = {
					2EE364E91BA35D520029E62D = {
						CreatedOnToolsVersion = 6.4;
					};
					2EE364FE1BA35D520029E62D = {
						CreatedOnToolsVersion = 6.4;
						TestTargetID = 2EE364E91BA35D520029E62D;
					};
				};
			};
			buildConfigurationList = 2EE364E51BA35D520029E62D /* Build configuration list for PBXProject "Calculator" */;
			compatibilityVersion = "Xcode 3.2";
			developmentRegion = English;
			hasScannedForEncodings = 0;
			knownRegions = (
				en,
				Base,
			);
			mainGroup = 2EE364E11BA35D520029E62D;
			productRefGroup = 2EE364EB1BA35D520029E62D /* Products */;
			projectDirPath = "";
			projectRoot = "";
			targets = (
				2EE364E91BA35D520029E62D /* Calculator */,
				2EE364FE1BA35D520029E62D /* CalculatorTests */,
			);
		};
/* End PBXProject section */

/* Begin PBXResourcesBuildPhase section */
		2EE364E81BA35D520029E62D /* Resources */ = {
			isa = PBXResourcesBuildPhase;
			buildActionMask = 2147483647;
			files = (
				2EE364F51BA35D520029E62D /* Main.storyboard in Resources */,
				2EE364FA1BA35D520029E62D /* LaunchScreen.xib in Resources */,
				2EE364F71BA35D520029E62D /* Images.xcassets in Resources */,
			);
			runOnlyForDeploymentPostprocessing = 0;
		};
		2EE364FD1BA35D520029E62D /* Resources */ = {
			isa = PBXResourcesBuildPhase;
			buildActionMask = 2147483647;
			files = (
			);
			runOnlyForDeploymentPostprocessing = 0;
		};
/* End PBXResourcesBuildPhase section */

/* Begin PBXSourcesBuildPhase section */
		2EE364E61BA35D520029E62D /* Sources */ = {
			isa = PBXSourcesBuildPhase;
			buildActionMask = 2147483647;
			files = (
				2EE364F21BA35D520029E62D /* ViewController.swift in Sources */,
				2EE364F01BA35D520029E62D /* AppDelegate.swift in Sources */,
				2EE365101BA363380029E62D /* CalculationProtocol.swift in Sources */,
				2EE365121BA364890029E62D /* DefaultCalculation.swift in Sources */,
			);
			runOnlyForDeploymentPostprocessing = 0;
		};
		2EE364FB1BA35D520029E62D /* Sources */ = {
			isa = PBXSourcesBuildPhase;
			buildActionMask = 2147483647;
			files = (
				2EE365061BA35D520029E62D /* CalculatorTests.swift in Sources */,
			);
			runOnlyForDeploymentPostprocessing = 0;
		};
/* End PBXSourcesBuildPhase section */

/* Begin PBXTargetDependency section */
		2EE365011BA35D520029E62D /* PBXTargetDependency */ = {
			isa = PBXTargetDependency;
			target = 2EE364E91BA35D520029E62D /* Calculator */;
			targetProxy = 2EE365001BA35D520029E62D /* PBXContainerItemProxy */;
		};
/* End PBXTargetDependency section */

/* Begin PBXVariantGroup section */
		2EE364F31BA35D520029E62D /* Main.storyboard */ = {
			isa = PBXVariantGroup;
			children = (
				2EE364F41BA35D520029E62D /* Base */,
			);
			name = Main.storyboard;
			sourceTree = "<group>";
		};
		2EE364F81BA35D520029E62D /* LaunchScreen.xib */ = {
			isa = PBXVariantGroup;
			children = (
				2EE364F91BA35D520029E62D /* Base */,
			);
			name = LaunchScreen.xib;
			sourceTree = "<group>";
		};
/* End PBXVariantGroup section */

/* Begin XCBuildConfiguration section */
		2EE365071BA35D520029E62D /* Debug */ = {
			isa = XCBuildConfiguration;
			buildSettings = {
				ALWAYS_SEARCH_USER_PATHS = NO;
				CLANG_CXX_LANGUAGE_STANDARD = "gnu++0x";
				CLANG_CXX_LIBRARY = "libc++";
				CLANG_ENABLE_MODULES = YES;
				CLANG_ENABLE_OBJC_ARC = YES;
				CLANG_WARN_BOOL_CONVERSION = YES;
				CLANG_WARN_CONSTANT_CONVERSION = YES;
				CLANG_WARN_DIRECT_OBJC_ISA_USAGE = YES_ERROR;
				CLANG_WARN_EMPTY_BODY = YES;
				CLANG_WARN_ENUM_CONVERSION = YES;
				CLANG_WARN_INT_CONVERSION = YES;
				CLANG_WARN_OBJC_ROOT_CLASS = YES_ERROR;
				CLANG_WARN_UNREACHABLE_CODE = YES;
				CLANG_WARN__DUPLICATE_METHOD_MATCH = YES;
				"CODE_SIGN_IDENTITY[sdk=iphoneos*]" = "iPhone Developer";
				COPY_PHASE_STRIP = NO;
				DEBUG_INFORMATION_FORMAT = "dwarf-with-dsym";
				ENABLE_STRICT_OBJC_MSGSEND = YES;
				GCC_C_LANGUAGE_STANDARD = gnu99;
				GCC_DYNAMIC_NO_PIC = NO;
				GCC_NO_COMMON_BLOCKS = YES;
				GCC_OPTIMIZATION_LEVEL = 0;
				GCC_PREPROCESSOR_DEFINITIONS = (
					"DEBUG=1",
					"$(inherited)",
				);
				GCC_SYMBOLS_PRIVATE_EXTERN = NO;
				GCC_WARN_64_TO_32_BIT_CONVERSION = YES;
				GCC_WARN_ABOUT_RETURN_TYPE = YES_ERROR;
				GCC_WARN_UNDECLARED_SELECTOR = YES;
				GCC_WARN_UNINITIALIZED_AUTOS = YES_AGGRESSIVE;
				GCC_WARN_UNUSED_FUNCTION = YES;
				GCC_WARN_UNUSED_VARIABLE = YES;
				IPHONEOS_DEPLOYMENT_TARGET = 8.4;
				MTL_ENABLE_DEBUG_INFO = YES;
				ONLY_ACTIVE_ARCH = YES;
				SDKROOT = iphoneos;
				SWIFT_OPTIMIZATION_LEVEL = "-Onone";
				TARGETED_DEVICE_FAMILY = "1,2";
			};
			name = Debug;
		};
		2EE365081BA35D520029E62D /* Release */ = {
			isa = XCBuildConfiguration;
			buildSettings = {
				ALWAYS_SEARCH_USER_PATHS = NO;
				CLANG_CXX_LANGUAGE_STANDARD = "gnu++0x";
				CLANG_CXX_LIBRARY = "libc++";
				CLANG_ENABLE_MODULES = YES;
				CLANG_ENABLE_OBJC_ARC = YES;
				CLANG_WARN_BOOL_CONVERSION = YES;
				CLANG_WARN_CONSTANT_CONVERSION = YES;
				CLANG_WARN_DIRECT_OBJC_ISA_USAGE = YES_ERROR;
				CLANG_WARN_EMPTY_BODY = YES;
				CLANG_WARN_ENUM_CONVERSION = YES;
				CLANG_WARN_INT_CONVERSION = YES;
				CLANG_WARN_OBJC_ROOT_CLASS = YES_ERROR;
				CLANG_WARN_UNREACHABLE_CODE = YES;
				CLANG_WARN__DUPLICATE_METHOD_MATCH = YES;
				"CODE_SIGN_IDENTITY[sdk=iphoneos*]" = "iPhone Developer";
				COPY_PHASE_STRIP = NO;
				DEBUG_INFORMATION_FORMAT = "dwarf-with-dsym";
				ENABLE_NS_ASSERTIONS = NO;
				ENABLE_STRICT_OBJC_MSGSEND = YES;
				GCC_C_LANGUAGE_STANDARD = gnu99;
				GCC_NO_COMMON_BLOCKS = YES;
				GCC_WARN_64_TO_32_BIT_CONVERSION = YES;
				GCC_WARN_ABOUT_RETURN_TYPE = YES_ERROR;
				GCC_WARN_UNDECLARED_SELECTOR = YES;
				GCC_WARN_UNINITIALIZED_AUTOS = YES_AGGRESSIVE;
				GCC_WARN_UNUSED_FUNCTION = YES;
				GCC_WARN_UNUSED_VARIABLE = YES;
				IPHONEOS_DEPLOYMENT_TARGET = 8.4;
				MTL_ENABLE_DEBUG_INFO = NO;
				SDKROOT = iphoneos;
				TARGETED_DEVICE_FAMILY = "1,2";
				VALIDATE_PRODUCT = YES;
			};
			name = Release;
		};
		2EE3650A1BA35D520029E62D /* Debug */ = {
			isa = XCBuildConfiguration;
			buildSettings = {
				ASSETCATALOG_COMPILER_APPICON_NAME = AppIcon;
				INFOPLIST_FILE = Calculator/Info.plist;
				LD_RUNPATH_SEARCH_PATHS = "$(inherited) @executable_path/Frameworks";
				PRODUCT_NAME = "$(TARGET_NAME)";
			};
			name = Debug;
		};
		2EE3650B1BA35D520029E62D /* Release */ = {
			isa = XCBuildConfiguration;
			buildSettings = {
				ASSETCATALOG_COMPILER_APPICON_NAME = AppIcon;
				INFOPLIST_FILE = Calculator/Info.plist;
				LD_RUNPATH_SEARCH_PATHS = "$(inherited) @executable_path/Frameworks";
				PRODUCT_NAME = "$(TARGET_NAME)";
			};
			name = Release;
		};
		2EE3650D1BA35D520029E62D /* Debug */ = {
			isa = XCBuildConfiguration;
			buildSettings = {
				BUNDLE_LOADER = "$(TEST_HOST)";
				FRAMEWORK_SEARCH_PATHS = (
					"$(SDKROOT)/Developer/Library/Frameworks",
					"$(inherited)",
				);
				GCC_PREPROCESSOR_DEFINITIONS = (
					"DEBUG=1",
					"$(inherited)",
				);
				INFOPLIST_FILE = CalculatorTests/Info.plist;
				LD_RUNPATH_SEARCH_PATHS = "$(inherited) @executable_path/Frameworks @loader_path/Frameworks";
				PRODUCT_NAME = "$(TARGET_NAME)";
				TEST_HOST = "$(BUILT_PRODUCTS_DIR)/Calculator.app/Calculator";
			};
			name = Debug;
		};
		2EE3650E1BA35D520029E62D /* Release */ = {
			isa = XCBuildConfiguration;
			buildSettings = {
				BUNDLE_LOADER = "$(TEST_HOST)";
				FRAMEWORK_SEARCH_PATHS = (
					"$(SDKROOT)/Developer/Library/Frameworks",
					"$(inherited)",
				);
				INFOPLIST_FILE = CalculatorTests/Info.plist;
				LD_RUNPATH_SEARCH_PATHS = "$(inherited) @executable_path/Frameworks @loader_path/Frameworks";
				PRODUCT_NAME = "$(TARGET_NAME)";
				TEST_HOST = "$(BUILT_PRODUCTS_DIR)/Calculator.app/Calculator";
			};
			name = Release;
		};
/* End XCBuildConfiguration section */

/* Begin XCConfigurationList section */
		2EE364E51BA35D520029E62D /* Build configuration list for PBXProject "Calculator" */ = {
			isa = XCConfigurationList;
			buildConfigurations = (
				2EE365071BA35D520029E62D /* Debug */,
				2EE365081BA35D520029E62D /* Release */,
			);
			defaultConfigurationIsVisible = 0;
			defaultConfigurationName = Release;
		};
		2EE365091BA35D520029E62D /* Build configuration list for PBXNativeTarget "Calculator" */ = {
			isa = XCConfigurationList;
			buildConfigurations = (
				2EE3650A1BA35D520029E62D /* Debug */,
				2EE3650B1BA35D520029E62D /* Release */,
			);
			defaultConfigurationIsVisible = 0;
		};
		2EE3650C1BA35D520029E62D /* Build configuration list for PBXNativeTarget "CalculatorTests" */ = {
			isa = XCConfigurationList;
			buildConfigurations = (
				2EE3650D1BA35D520029E62D /* Debug */,
				2EE3650E1BA35D520029E62D /* Release */,
			);
			defaultConfigurationIsVisible = 0;
		};
/* End XCConfigurationList section */
	};
	rootObject = 2EE364E21BA35D520029E62D /* Project object */;
}
